<?xml version="1.0" encoding="utf-8"?>
<Project ToolsVersion="4.0" xmlns="http://schemas.microsoft.com/developer/msbuild/2003">
  <ItemGroup>
    <ClCompile Include="..\src\rs_demo.cpp" />
    <ClCompile Include="..\src\imshow.cpp" />
    <ClCompile Include="..\src\imio.cpp" />
    <ClCompile Include="..\src\r200Match.cpp" />
    <ClCompile Include="..\src\sgbmMatch.cpp" />
  </ItemGroup>
  <ItemGroup>
    <None Include="packages.config" />
    <None Include="$(LIBRS_ROOT)/bin/x64/realsense.dll" />
  </ItemGroup>
</Project>